
Microsoft Visual Studio Solution File, Format Version 12.00
# Visual Studio Version 17
VisualStudioVersion = 17.0.32112.339
MinimumVisualStudioVersion = 10.0.40219.1
Project("{9A19103F-16F7-4668-BE54-9A1E7A4F7556}") = "Tienda_De_Instrumentos_Musicales", "Tienda_De_Instrumentos_Musicales.csproj", "{F88FCB23-58F4-4FE6-AF63-1A221E394142}"
EndProject
Global
	GlobalSection(SolutionConfigurationPlatforms) = preSolution
		Debug|Any CPU = Debug|Any CPU
		Release|Any CPU = Release|Any CPU
	EndGlobalSection
	GlobalSection(ProjectConfigurationPlatforms) = postSolution
		{F88FCB23-58F4-4FE6-AF63-1A221E394142}.Debug|Any CPU.ActiveCfg = Debug|Any CPU
		{F88FCB23-58F4-4FE6-AF63-1A221E394142}.Debug|Any CPU.Build.0 = Debug|Any CPU
		{F88FCB23-58F4-4FE6-AF63-1A221E394142}.Release|Any CPU.ActiveCfg = Release|Any CPU
		{F88FCB23-58F4-4FE6-AF63-1A221E394142}.Release|Any CPU.Build.0 = Release|Any CPU
	EndGlobalSection
	GlobalSection(SolutionProperties) = preSolution
		HideSolutionNode = FALSE
	EndGlobalSection
	GlobalSection(ExtensibilityGlobals) = postSolution
		SolutionGuid = {8F8B9F3B-7F27-4D9E-A689-E24B24C23504}
	EndGlobalSection
EndGlobal
